// !$*UTF8*$!
{
	archiveVersion = 1;
	classes = {
	};
	objectVersion = 46;
	objects = {

/* Begin PBXBuildFile section */
		59C46C4F1A90043A0057B7F7 /* Bolts.framework in Frameworks */ = {isa = PBXBuildFile; fileRef = 59C46C4A1A90043A0057B7F7 /* Bolts.framework */; };
		59C46C501A90043A0057B7F7 /* Parse.framework in Frameworks */ = {isa = PBXBuildFile; fileRef = 59C46C4B1A90043A0057B7F7 /* Parse.framework */; };
		59C46C511A90043A0057B7F7 /* ParseCrashReporting.framework in Frameworks */ = {isa = PBXBuildFile; fileRef = 59C46C4C1A90043A0057B7F7 /* ParseCrashReporting.framework */; };
		59C46C521A90043A0057B7F7 /* ParseFacebookUtils.framework in Frameworks */ = {isa = PBXBuildFile; fileRef = 59C46C4D1A90043A0057B7F7 /* ParseFacebookUtils.framework */; };
		59C46C531A90043A0057B7F7 /* ParseUI.framework in Frameworks */ = {isa = PBXBuildFile; fileRef = 59C46C4E1A90043A0057B7F7 /* ParseUI.framework */; };
		59C46C551A90046C0057B7F7 /* AudioToolbox.framework in Frameworks */ = {isa = PBXBuildFile; fileRef = 59C46C541A90046C0057B7F7 /* AudioToolbox.framework */; };
		59C46C571A9004700057B7F7 /* CFNetwork.framework in Frameworks */ = {isa = PBXBuildFile; fileRef = 59C46C561A9004700057B7F7 /* CFNetwork.framework */; };
		59C46C591A90047B0057B7F7 /* CoreGraphics.framework in Frameworks */ = {isa = PBXBuildFile; fileRef = 59C46C581A90047B0057B7F7 /* CoreGraphics.framework */; };
		59C46C5B1A90047F0057B7F7 /* CoreLocation.framework in Frameworks */ = {isa = PBXBuildFile; fileRef = 59C46C5A1A90047F0057B7F7 /* CoreLocation.framework */; };
		59C46C5D1A9004870057B7F7 /* MobileCoreServices.framework in Frameworks */ = {isa = PBXBuildFile; fileRef = 59C46C5C1A9004870057B7F7 /* MobileCoreServices.framework */; };
		59C46C5F1A9004910057B7F7 /* QuartzCore.framework in Frameworks */ = {isa = PBXBuildFile; fileRef = 59C46C5E1A9004910057B7F7 /* QuartzCore.framework */; };
		59C46C611A9004950057B7F7 /* Security.framework in Frameworks */ = {isa = PBXBuildFile; fileRef = 59C46C601A9004950057B7F7 /* Security.framework */; };
		59C46C631A90049C0057B7F7 /* StoreKit.framework in Frameworks */ = {isa = PBXBuildFile; fileRef = 59C46C621A90049C0057B7F7 /* StoreKit.framework */; };
		59C46C651A9004A10057B7F7 /* SystemConfiguration.framework in Frameworks */ = {isa = PBXBuildFile; fileRef = 59C46C641A9004A10057B7F7 /* SystemConfiguration.framework */; };
		59C46C671A9004AD0057B7F7 /* libz.dylib in Frameworks */ = {isa = PBXBuildFile; fileRef = 59C46C661A9004AD0057B7F7 /* libz.dylib */; };
		59C46C691A9004BB0057B7F7 /* libsqlite3.dylib in Frameworks */ = {isa = PBXBuildFile; fileRef = 59C46C681A9004BB0057B7F7 /* libsqlite3.dylib */; };
		59C46C701A9013A70057B7F7 /* MyGroupsViewController.swift in Sources */ = {isa = PBXBuildFile; fileRef = 59C46C6F1A9013A70057B7F7 /* MyGroupsViewController.swift */; };
		59C46C721A902F810057B7F7 /* RankingListViewController.swift in Sources */ = {isa = PBXBuildFile; fileRef = 59C46C711A902F810057B7F7 /* RankingListViewController.swift */; };
		59D617F21A8FF5F700AABE35 /* AppDelegate.swift in Sources */ = {isa = PBXBuildFile; fileRef = 59D617F11A8FF5F700AABE35 /* AppDelegate.swift */; };
		59D617F71A8FF5F700AABE35 /* Main.storyboard in Resources */ = {isa = PBXBuildFile; fileRef = 59D617F51A8FF5F700AABE35 /* Main.storyboard */; };
		59D617F91A8FF5F700AABE35 /* Images.xcassets in Resources */ = {isa = PBXBuildFile; fileRef = 59D617F81A8FF5F700AABE35 /* Images.xcassets */; };
		59D617FC1A8FF5F700AABE35 /* LaunchScreen.xib in Resources */ = {isa = PBXBuildFile; fileRef = 59D617FA1A8FF5F700AABE35 /* LaunchScreen.xib */; };
		59D618081A8FF5F800AABE35 /* RankMeeTests.swift in Sources */ = {isa = PBXBuildFile; fileRef = 59D618071A8FF5F800AABE35 /* RankMeeTests.swift */; };
		59D618121A8FF95600AABE35 /* SignUpViewController.swift in Sources */ = {isa = PBXBuildFile; fileRef = 59D618111A8FF95600AABE35 /* SignUpViewController.swift */; };
/* End PBXBuildFile section */

/* Begin PBXContainerItemProxy section */
		59D618021A8FF5F800AABE35 /* PBXContainerItemProxy */ = {
			isa = PBXContainerItemProxy;
			containerPortal = 59D617E41A8FF5F700AABE35 /* Project object */;
			proxyType = 1;
			remoteGlobalIDString = 59D617EB1A8FF5F700AABE35;
			remoteInfo = RankMee;
		};
/* End PBXContainerItemProxy section */

/* Begin PBXFileReference section */
		59C46C4A1A90043A0057B7F7 /* Bolts.framework */ = {isa = PBXFileReference; lastKnownFileType = wrapper.framework; path = Bolts.framework; sourceTree = "<group>"; };
		59C46C4B1A90043A0057B7F7 /* Parse.framework */ = {isa = PBXFileReference; lastKnownFileType = wrapper.framework; path = Parse.framework; sourceTree = "<group>"; };
		59C46C4C1A90043A0057B7F7 /* ParseCrashReporting.framework */ = {isa = PBXFileReference; lastKnownFileType = wrapper.framework; path = ParseCrashReporting.framework; sourceTree = "<group>"; };
		59C46C4D1A90043A0057B7F7 /* ParseFacebookUtils.framework */ = {isa = PBXFileReference; lastKnownFileType = wrapper.framework; path = ParseFacebookUtils.framework; sourceTree = "<group>"; };
		59C46C4E1A90043A0057B7F7 /* ParseUI.framework */ = {isa = PBXFileReference; lastKnownFileType = wrapper.framework; path = ParseUI.framework; sourceTree = "<group>"; };
		59C46C541A90046C0057B7F7 /* AudioToolbox.framework */ = {isa = PBXFileReference; lastKnownFileType = wrapper.framework; name = AudioToolbox.framework; path = System/Library/Frameworks/AudioToolbox.framework; sourceTree = SDKROOT; };
		59C46C561A9004700057B7F7 /* CFNetwork.framework */ = {isa = PBXFileReference; lastKnownFileType = wrapper.framework; name = CFNetwork.framework; path = System/Library/Frameworks/CFNetwork.framework; sourceTree = SDKROOT; };
		59C46C581A90047B0057B7F7 /* CoreGraphics.framework */ = {isa = PBXFileReference; lastKnownFileType = wrapper.framework; name = CoreGraphics.framework; path = System/Library/Frameworks/CoreGraphics.framework; sourceTree = SDKROOT; };
		59C46C5A1A90047F0057B7F7 /* CoreLocation.framework */ = {isa = PBXFileReference; lastKnownFileType = wrapper.framework; name = CoreLocation.framework; path = System/Library/Frameworks/CoreLocation.framework; sourceTree = SDKROOT; };
		59C46C5C1A9004870057B7F7 /* MobileCoreServices.framework */ = {isa = PBXFileReference; lastKnownFileType = wrapper.framework; name = MobileCoreServices.framework; path = System/Library/Frameworks/MobileCoreServices.framework; sourceTree = SDKROOT; };
		59C46C5E1A9004910057B7F7 /* QuartzCore.framework */ = {isa = PBXFileReference; lastKnownFileType = wrapper.framework; name = QuartzCore.framework; path = System/Library/Frameworks/QuartzCore.framework; sourceTree = SDKROOT; };
		59C46C601A9004950057B7F7 /* Security.framework */ = {isa = PBXFileReference; lastKnownFileType = wrapper.framework; name = Security.framework; path = System/Library/Frameworks/Security.framework; sourceTree = SDKROOT; };
		59C46C621A90049C0057B7F7 /* StoreKit.framework */ = {isa = PBXFileReference; lastKnownFileType = wrapper.framework; name = StoreKit.framework; path = System/Library/Frameworks/StoreKit.framework; sourceTree = SDKROOT; };
		59C46C641A9004A10057B7F7 /* SystemConfiguration.framework */ = {isa = PBXFileReference; lastKnownFileType = wrapper.framework; name = SystemConfiguration.framework; path = System/Library/Frameworks/SystemConfiguration.framework; sourceTree = SDKROOT; };
		59C46C661A9004AD0057B7F7 /* libz.dylib */ = {isa = PBXFileReference; lastKnownFileType = "compiled.mach-o.dylib"; name = libz.dylib; path = usr/lib/libz.dylib; sourceTree = SDKROOT; };
		59C46C681A9004BB0057B7F7 /* libsqlite3.dylib */ = {isa = PBXFileReference; lastKnownFileType = "compiled.mach-o.dylib"; name = libsqlite3.dylib; path = usr/lib/libsqlite3.dylib; sourceTree = SDKROOT; };
		59C46C6A1A9006000057B7F7 /* RankMee-Bridging-Header.h */ = {isa = PBXFileReference; lastKnownFileType = sourcecode.c.h; path = "RankMee-Bridging-Header.h"; sourceTree = "<group>"; };
		59C46C6F1A9013A70057B7F7 /* MyGroupsViewController.swift */ = {isa = PBXFileReference; fileEncoding = 4; lastKnownFileType = sourcecode.swift; name = MyGroupsViewController.swift; path = ../MyGroupsViewController.swift; sourceTree = "<group>"; };
		59C46C711A902F810057B7F7 /* RankingListViewController.swift */ = {isa = PBXFileReference; fileEncoding = 4; lastKnownFileType = sourcecode.swift; path = RankingListViewController.swift; sourceTree = "<group>"; };
		59D617EC1A8FF5F700AABE35 /* RankMee.app */ = {isa = PBXFileReference; explicitFileType = wrapper.application; includeInIndex = 0; path = RankMee.app; sourceTree = BUILT_PRODUCTS_DIR; };
		59D617F01A8FF5F700AABE35 /* Info.plist */ = {isa = PBXFileReference; lastKnownFileType = text.plist.xml; path = Info.plist; sourceTree = "<group>"; };
		59D617F11A8FF5F700AABE35 /* AppDelegate.swift */ = {isa = PBXFileReference; lastKnownFileType = sourcecode.swift; path = AppDelegate.swift; sourceTree = "<group>"; };
		59D617F61A8FF5F700AABE35 /* Base */ = {isa = PBXFileReference; lastKnownFileType = file.storyboard; name = Base; path = Base.lproj/Main.storyboard; sourceTree = "<group>"; };
		59D617F81A8FF5F700AABE35 /* Images.xcassets */ = {isa = PBXFileReference; lastKnownFileType = folder.assetcatalog; path = Images.xcassets; sourceTree = "<group>"; };
		59D617FB1A8FF5F700AABE35 /* Base */ = {isa = PBXFileReference; lastKnownFileType = file.xib; name = Base; path = Base.lproj/LaunchScreen.xib; sourceTree = "<group>"; };
		59D618011A8FF5F800AABE35 /* RankMeeTests.xctest */ = {isa = PBXFileReference; explicitFileType = wrapper.cfbundle; includeInIndex = 0; path = RankMeeTests.xctest; sourceTree = BUILT_PRODUCTS_DIR; };
		59D618061A8FF5F800AABE35 /* Info.plist */ = {isa = PBXFileReference; lastKnownFileType = text.plist.xml; path = Info.plist; sourceTree = "<group>"; };
		59D618071A8FF5F800AABE35 /* RankMeeTests.swift */ = {isa = PBXFileReference; lastKnownFileType = sourcecode.swift; path = RankMeeTests.swift; sourceTree = "<group>"; };
		59D618111A8FF95600AABE35 /* SignUpViewController.swift */ = {isa = PBXFileReference; fileEncoding = 4; lastKnownFileType = sourcecode.swift; name = SignUpViewController.swift; path = ../SignUpViewController.swift; sourceTree = "<group>"; };
/* End PBXFileReference section */

/* Begin PBXFrameworksBuildPhase section */
		59D617E91A8FF5F700AABE35 /* Frameworks */ = {
			isa = PBXFrameworksBuildPhase;
			buildActionMask = 2147483647;
			files = (
				59C46C691A9004BB0057B7F7 /* libsqlite3.dylib in Frameworks */,
				59C46C671A9004AD0057B7F7 /* libz.dylib in Frameworks */,
				59C46C651A9004A10057B7F7 /* SystemConfiguration.framework in Frameworks */,
				59C46C631A90049C0057B7F7 /* StoreKit.framework in Frameworks */,
				59C46C611A9004950057B7F7 /* Security.framework in Frameworks */,
				59C46C5F1A9004910057B7F7 /* QuartzCore.framework in Frameworks */,
				59C46C5D1A9004870057B7F7 /* MobileCoreServices.framework in Frameworks */,
				59C46C5B1A90047F0057B7F7 /* CoreLocation.framework in Frameworks */,
				59C46C591A90047B0057B7F7 /* CoreGraphics.framework in Frameworks */,
				59C46C571A9004700057B7F7 /* CFNetwork.framework in Frameworks */,
				59C46C551A90046C0057B7F7 /* AudioToolbox.framework in Frameworks */,
				59C46C501A90043A0057B7F7 /* Parse.framework in Frameworks */,
				59C46C511A90043A0057B7F7 /* ParseCrashReporting.framework in Frameworks */,
				59C46C531A90043A0057B7F7 /* ParseUI.framework in Frameworks */,
				59C46C521A90043A0057B7F7 /* ParseFacebookUtils.framework in Frameworks */,
				59C46C4F1A90043A0057B7F7 /* Bolts.framework in Frameworks */,
			);
			runOnlyForDeploymentPostprocessing = 0;
		};
		59D617FE1A8FF5F800AABE35 /* Frameworks */ = {
			isa = PBXFrameworksBuildPhase;
			buildActionMask = 2147483647;
			files = (
			);
			runOnlyForDeploymentPostprocessing = 0;
		};
/* End PBXFrameworksBuildPhase section */

/* Begin PBXGroup section */
		59C46C491A90043A0057B7F7 /* parse-library-1.6.2 */ = {
			isa = PBXGroup;
			children = (
				59C46C4A1A90043A0057B7F7 /* Bolts.framework */,
				59C46C4B1A90043A0057B7F7 /* Parse.framework */,
				59C46C4C1A90043A0057B7F7 /* ParseCrashReporting.framework */,
				59C46C4D1A90043A0057B7F7 /* ParseFacebookUtils.framework */,
				59C46C4E1A90043A0057B7F7 /* ParseUI.framework */,
			);
			name = "parse-library-1.6.2";
			path = "RankMee/parse-library-1.6.2";
			sourceTree = "<group>";
		};
		59D617E31A8FF5F700AABE35 = {
			isa = PBXGroup;
			children = (
				59C46C681A9004BB0057B7F7 /* libsqlite3.dylib */,
				59C46C661A9004AD0057B7F7 /* libz.dylib */,
				59C46C641A9004A10057B7F7 /* SystemConfiguration.framework */,
				59C46C621A90049C0057B7F7 /* StoreKit.framework */,
				59C46C601A9004950057B7F7 /* Security.framework */,
				59C46C5E1A9004910057B7F7 /* QuartzCore.framework */,
				59C46C5C1A9004870057B7F7 /* MobileCoreServices.framework */,
				59C46C5A1A90047F0057B7F7 /* CoreLocation.framework */,
				59C46C581A90047B0057B7F7 /* CoreGraphics.framework */,
				59C46C561A9004700057B7F7 /* CFNetwork.framework */,
				59C46C541A90046C0057B7F7 /* AudioToolbox.framework */,
				59C46C491A90043A0057B7F7 /* parse-library-1.6.2 */,
				59D617EE1A8FF5F700AABE35 /* RankMee */,
				59D618041A8FF5F800AABE35 /* RankMeeTests */,
				59D617ED1A8FF5F700AABE35 /* Products */,
			);
			sourceTree = "<group>";
		};
		59D617ED1A8FF5F700AABE35 /* Products */ = {
			isa = PBXGroup;
			children = (
				59D617EC1A8FF5F700AABE35 /* RankMee.app */,
				59D618011A8FF5F800AABE35 /* RankMeeTests.xctest */,
			);
			name = Products;
			sourceTree = "<group>";
		};
		59D617EE1A8FF5F700AABE35 /* RankMee */ = {
			isa = PBXGroup;
			children = (
				59C46C6A1A9006000057B7F7 /* RankMee-Bridging-Header.h */,
				59D617F11A8FF5F700AABE35 /* AppDelegate.swift */,
				59D618111A8FF95600AABE35 /* SignUpViewController.swift */,
				59C46C6F1A9013A70057B7F7 /* MyGroupsViewController.swift */,
				59C46C711A902F810057B7F7 /* RankingListViewController.swift */,
				59D617F51A8FF5F700AABE35 /* Main.storyboard */,
				59D617F81A8FF5F700AABE35 /* Images.xcassets */,
				59D617FA1A8FF5F700AABE35 /* LaunchScreen.xib */,
				59D617EF1A8FF5F700AABE35 /* Supporting Files */,
			);
			path = RankMee;
			sourceTree = "<group>";
		};
		59D617EF1A8FF5F700AABE35 /* Supporting Files */ = {
			isa = PBXGroup;
			children = (
				59D617F01A8FF5F700AABE35 /* Info.plist */,
			);
			name = "Supporting Files";
			sourceTree = "<group>";
		};
		59D618041A8FF5F800AABE35 /* RankMeeTests */ = {
			isa = PBXGroup;
			children = (
				59D618071A8FF5F800AABE35 /* RankMeeTests.swift */,
				59D618051A8FF5F800AABE35 /* Supporting Files */,
			);
			path = RankMeeTests;
			sourceTree = "<group>";
		};
		59D618051A8FF5F800AABE35 /* Supporting Files */ = {
			isa = PBXGroup;
			children = (
				59D618061A8FF5F800AABE35 /* Info.plist */,
			);
			name = "Supporting Files";
			sourceTree = "<group>";
		};
/* End PBXGroup section */

/* Begin PBXNativeTarget section */
		59D617EB1A8FF5F700AABE35 /* RankMee */ = {
			isa = PBXNativeTarget;
			buildConfigurationList = 59D6180B1A8FF5F800AABE35 /* Build configuration list for PBXNativeTarget "RankMee" */;
			buildPhases = (
				59D617E81A8FF5F700AABE35 /* Sources */,
				59D617E91A8FF5F700AABE35 /* Frameworks */,
				59D617EA1A8FF5F700AABE35 /* Resources */,
			);
			buildRules = (
			);
			dependencies = (
			);
			name = RankMee;
			productName = RankMee;
			productReference = 59D617EC1A8FF5F700AABE35 /* RankMee.app */;
			productType = "com.apple.product-type.application";
		};
		59D618001A8FF5F800AABE35 /* RankMeeTests */ = {
			isa = PBXNativeTarget;
			buildConfigurationList = 59D6180E1A8FF5F800AABE35 /* Build configuration list for PBXNativeTarget "RankMeeTests" */;
			buildPhases = (
				59D617FD1A8FF5F800AABE35 /* Sources */,
				59D617FE1A8FF5F800AABE35 /* Frameworks */,
				59D617FF1A8FF5F800AABE35 /* Resources */,
			);
			buildRules = (
			);
			dependencies = (
				59D618031A8FF5F800AABE35 /* PBXTargetDependency */,
			);
			name = RankMeeTests;
			productName = RankMeeTests;
			productReference = 59D618011A8FF5F800AABE35 /* RankMeeTests.xctest */;
			productType = "com.apple.product-type.bundle.unit-test";
		};
/* End PBXNativeTarget section */

/* Begin PBXProject section */
		59D617E41A8FF5F700AABE35 /* Project object */ = {
			isa = PBXProject;
			attributes = {
				LastUpgradeCheck = 0610;
				ORGANIZATIONNAME = "Sam Lewis";
				TargetAttributes = {
					59D617EB1A8FF5F700AABE35 = {
						CreatedOnToolsVersion = 6.1.1;
					};
					59D618001A8FF5F800AABE35 = {
						CreatedOnToolsVersion = 6.1.1;
						TestTargetID = 59D617EB1A8FF5F700AABE35;
					};
				};
			};
			buildConfigurationList = 59D617E71A8FF5F700AABE35 /* Build configuration list for PBXProject "RankMee" */;
			compatibilityVersion = "Xcode 3.2";
			developmentRegion = English;
			hasScannedForEncodings = 0;
			knownRegions = (
				en,
				Base,
			);
			mainGroup = 59D617E31A8FF5F700AABE35;
			productRefGroup = 59D617ED1A8FF5F700AABE35 /* Products */;
			projectDirPath = "";
			projectRoot = "";
			targets = (
				59D617EB1A8FF5F700AABE35 /* RankMee */,
				59D618001A8FF5F800AABE35 /* RankMeeTests */,
			);
		};
/* End PBXProject section */

/* Begin PBXResourcesBuildPhase section */
		59D617EA1A8FF5F700AABE35 /* Resources */ = {
			isa = PBXResourcesBuildPhase;
			buildActionMask = 2147483647;
			files = (
				59D617F71A8FF5F700AABE35 /* Main.storyboard in Resources */,
				59D617FC1A8FF5F700AABE35 /* LaunchScreen.xib in Resources */,
				59D617F91A8FF5F700AABE35 /* Images.xcassets in Resources */,
			);
			runOnlyForDeploymentPostprocessing = 0;
		};
		59D617FF1A8FF5F800AABE35 /* Resources */ = {
			isa = PBXResourcesBuildPhase;
			buildActionMask = 2147483647;
			files = (
			);
			runOnlyForDeploymentPostprocessing = 0;
		};
/* End PBXResourcesBuildPhase section */

/* Begin PBXSourcesBuildPhase section */
		59D617E81A8FF5F700AABE35 /* Sources */ = {
			isa = PBXSourcesBuildPhase;
			buildActionMask = 2147483647;
			files = (
				59C46C701A9013A70057B7F7 /* MyGroupsViewController.swift in Sources */,
				59D618121A8FF95600AABE35 /* SignUpViewController.swift in Sources */,
				59D617F21A8FF5F700AABE35 /* AppDelegate.swift in Sources */,
				59C46C721A902F810057B7F7 /* RankingListViewController.swift in Sources */,
			);
			runOnlyForDeploymentPostprocessing = 0;
		};
		59D617FD1A8FF5F800AABE35 /* Sources */ = {
			isa = PBXSourcesBuildPhase;
			buildActionMask = 2147483647;
			files = (
				59D618081A8FF5F800AABE35 /* RankMeeTests.swift in Sources */,
			);
			runOnlyForDeploymentPostprocessing = 0;
		};
/* End PBXSourcesBuildPhase section */

/* Begin PBXTargetDependency section */
		59D618031A8FF5F800AABE35 /* PBXTargetDependency */ = {
			isa = PBXTargetDependency;
			target = 59D617EB1A8FF5F700AABE35 /* RankMee */;
			targetProxy = 59D618021A8FF5F800AABE35 /* PBXContainerItemProxy */;
		};
/* End PBXTargetDependency section */

/* Begin PBXVariantGroup section */
		59D617F51A8FF5F700AABE35 /* Main.storyboard */ = {
			isa = PBXVariantGroup;
			children = (
				59D617F61A8FF5F700AABE35 /* Base */,
			);
			name = Main.storyboard;
			sourceTree = "<group>";
		};
		59D617FA1A8FF5F700AABE35 /* LaunchScreen.xib */ = {
			isa = PBXVariantGroup;
			children = (
				59D617FB1A8FF5F700AABE35 /* Base */,
			);
			name = LaunchScreen.xib;
			sourceTree = "<group>";
		};
/* End PBXVariantGroup section */

/* Begin XCBuildConfiguration section */
		59D618091A8FF5F800AABE35 /* Debug */ = {
			isa = XCBuildConfiguration;
			buildSettings = {
				ALWAYS_SEARCH_USER_PATHS = NO;
				CLANG_CXX_LANGUAGE_STANDARD = "gnu++0x";
				CLANG_CXX_LIBRARY = "libc++";
				CLANG_ENABLE_MODULES = YES;
				CLANG_ENABLE_OBJC_ARC = YES;
				CLANG_WARN_BOOL_CONVERSION = YES;
				CLANG_WARN_CONSTANT_CONVERSION = YES;
				CLANG_WARN_DIRECT_OBJC_ISA_USAGE = YES_ERROR;
				CLANG_WARN_EMPTY_BODY = YES;
				CLANG_WARN_ENUM_CONVERSION = YES;
				CLANG_WARN_INT_CONVERSION = YES;
				CLANG_WARN_OBJC_ROOT_CLASS = YES_ERROR;
				CLANG_WARN_UNREACHABLE_CODE = YES;
				CLANG_WARN__DUPLICATE_METHOD_MATCH = YES;
				"CODE_SIGN_IDENTITY[sdk=iphoneos*]" = "iPhone Developer";
				COPY_PHASE_STRIP = NO;
				ENABLE_STRICT_OBJC_MSGSEND = YES;
				GCC_C_LANGUAGE_STANDARD = gnu99;
				GCC_DYNAMIC_NO_PIC = NO;
				GCC_OPTIMIZATION_LEVEL = 0;
				GCC_PREPROCESSOR_DEFINITIONS = (
					"DEBUG=1",
					"$(inherited)",
				);
				GCC_SYMBOLS_PRIVATE_EXTERN = NO;
				GCC_WARN_64_TO_32_BIT_CONVERSION = YES;
				GCC_WARN_ABOUT_RETURN_TYPE = YES_ERROR;
				GCC_WARN_UNDECLARED_SELECTOR = YES;
				GCC_WARN_UNINITIALIZED_AUTOS = YES_AGGRESSIVE;
				GCC_WARN_UNUSED_FUNCTION = YES;
				GCC_WARN_UNUSED_VARIABLE = YES;
				IPHONEOS_DEPLOYMENT_TARGET = 8.1;
				MTL_ENABLE_DEBUG_INFO = YES;
				ONLY_ACTIVE_ARCH = YES;
				SDKROOT = iphoneos;
				SWIFT_OPTIMIZATION_LEVEL = "-Onone";
				TARGETED_DEVICE_FAMILY = "1,2";
			};
			name = Debug;
		};
		59D6180A1A8FF5F800AABE35 /* Release */ = {
			isa = XCBuildConfiguration;
			buildSettings = {
				ALWAYS_SEARCH_USER_PATHS = NO;
				CLANG_CXX_LANGUAGE_STANDARD = "gnu++0x";
				CLANG_CXX_LIBRARY = "libc++";
				CLANG_ENABLE_MODULES = YES;
				CLANG_ENABLE_OBJC_ARC = YES;
				CLANG_WARN_BOOL_CONVERSION = YES;
				CLANG_WARN_CONSTANT_CONVERSION = YES;
				CLANG_WARN_DIRECT_OBJC_ISA_USAGE = YES_ERROR;
				CLANG_WARN_EMPTY_BODY = YES;
				CLANG_WARN_ENUM_CONVERSION = YES;
				CLANG_WARN_INT_CONVERSION = YES;
				CLANG_WARN_OBJC_ROOT_CLASS = YES_ERROR;
				CLANG_WARN_UNREACHABLE_CODE = YES;
				CLANG_WARN__DUPLICATE_METHOD_MATCH = YES;
				"CODE_SIGN_IDENTITY[sdk=iphoneos*]" = "iPhone Developer";
				COPY_PHASE_STRIP = YES;
				ENABLE_NS_ASSERTIONS = NO;
				ENABLE_STRICT_OBJC_MSGSEND = YES;
				GCC_C_LANGUAGE_STANDARD = gnu99;
				GCC_WARN_64_TO_32_BIT_CONVERSION = YES;
				GCC_WARN_ABOUT_RETURN_TYPE = YES_ERROR;
				GCC_WARN_UNDECLARED_SELECTOR = YES;
				GCC_WARN_UNINITIALIZED_AUTOS = YES_AGGRESSIVE;
				GCC_WARN_UNUSED_FUNCTION = YES;
				GCC_WARN_UNUSED_VARIABLE = YES;
				IPHONEOS_DEPLOYMENT_TARGET = 8.1;
				MTL_ENABLE_DEBUG_INFO = NO;
				SDKROOT = iphoneos;
				TARGETED_DEVICE_FAMILY = "1,2";
				VALIDATE_PRODUCT = YES;
			};
			name = Release;
		};
		59D6180C1A8FF5F800AABE35 /* Debug */ = {
			isa = XCBuildConfiguration;
			buildSettings = {
				ASSETCATALOG_COMPILER_APPICON_NAME = AppIcon;
				CLANG_ENABLE_MODULES = YES;
				FRAMEWORK_SEARCH_PATHS = (
					"$(inherited)",
					"$(PROJECT_DIR)/RankMee/parse-library-1.6.2",
				);
				INFOPLIST_FILE = RankMee/Info.plist;
				LD_RUNPATH_SEARCH_PATHS = "$(inherited) @executable_path/Frameworks";
				PRODUCT_NAME = "$(TARGET_NAME)";
				SWIFT_OBJC_BRIDGING_HEADER = "RankMee/RankMee-Bridging-Header.h";
				SWIFT_OPTIMIZATION_LEVEL = "-Onone";
			};
			name = Debug;
		};
		59D6180D1A8FF5F800AABE35 /* Release */ = {
			isa = XCBuildConfiguration;
			buildSettings = {
				ASSETCATALOG_COMPILER_APPICON_NAME = AppIcon;
				CLANG_ENABLE_MODULES = YES;
				FRAMEWORK_SEARCH_PATHS = (
					"$(inherited)",
					"$(PROJECT_DIR)/RankMee/parse-library-1.6.2",
				);
				INFOPLIST_FILE = RankMee/Info.plist;
				LD_RUNPATH_SEARCH_PATHS = "$(inherited) @executable_path/Frameworks";
				PRODUCT_NAME = "$(TARGET_NAME)";
				SWIFT_OBJC_BRIDGING_HEADER = "RankMee/RankMee-Bridging-Header.h";
			};
			name = Release;
		};
		59D6180F1A8FF5F800AABE35 /* Debug */ = {
			isa = XCBuildConfiguration;
			buildSettings = {
				BUNDLE_LOADER = "$(TEST_HOST)";
				FRAMEWORK_SEARCH_PATHS = (
					"$(SDKROOT)/Developer/Library/Frameworks",
					"$(inherited)",
				);
				GCC_PREPROCESSOR_DEFINITIONS = (
					"DEBUG=1",
					"$(inherited)",
				);
				INFOPLIST_FILE = RankMeeTests/Info.plist;
				LD_RUNPATH_SEARCH_PATHS = "$(inherited) @executable_path/Frameworks @loader_path/Frameworks";
				PRODUCT_NAME = "$(TARGET_NAME)";
				TEST_HOST = "$(BUILT_PRODUCTS_DIR)/RankMee.app/RankMee";
			};
			name = Debug;
		};
		59D618101A8FF5F800AABE35 /* Release */ = {
			isa = XCBuildConfiguration;
			buildSettings = {
				BUNDLE_LOADER = "$(TEST_HOST)";
				FRAMEWORK_SEARCH_PATHS = (
					"$(SDKROOT)/Developer/Library/Frameworks",
					"$(inherited)",
				);
				INFOPLIST_FILE = RankMeeTests/Info.plist;
				LD_RUNPATH_SEARCH_PATHS = "$(inherited) @executable_path/Frameworks @loader_path/Frameworks";
				PRODUCT_NAME = "$(TARGET_NAME)";
				TEST_HOST = "$(BUILT_PRODUCTS_DIR)/RankMee.app/RankMee";
			};
			name = Release;
		};
/* End XCBuildConfiguration section */

/* Begin XCConfigurationList section */
		59D617E71A8FF5F700AABE35 /* Build configuration list for PBXProject "RankMee" */ = {
			isa = XCConfigurationList;
			buildConfigurations = (
				59D618091A8FF5F800AABE35 /* Debug */,
				59D6180A1A8FF5F800AABE35 /* Release */,
			);
			defaultConfigurationIsVisible = 0;
			defaultConfigurationName = Release;
		};
		59D6180B1A8FF5F800AABE35 /* Build configuration list for PBXNativeTarget "RankMee" */ = {
			isa = XCConfigurationList;
			buildConfigurations = (
				59D6180C1A8FF5F800AABE35 /* Debug */,
				59D6180D1A8FF5F800AABE35 /* Release */,
			);
			defaultConfigurationIsVisible = 0;
			defaultConfigurationName = Release;
		};
		59D6180E1A8FF5F800AABE35 /* Build configuration list for PBXNativeTarget "RankMeeTests" */ = {
			isa = XCConfigurationList;
			buildConfigurations = (
				59D6180F1A8FF5F800AABE35 /* Debug */,
				59D618101A8FF5F800AABE35 /* Release */,
			);
			defaultConfigurationIsVisible = 0;
			defaultConfigurationName = Release;
		};
/* End XCConfigurationList section */
	};
	rootObject = 59D617E41A8FF5F700AABE35 /* Project object */;
}
